// !$*UTF8*$!
{
	archiveVersion = 1;
	classes = {
	};
	objectVersion = 56;
	objects = {

/* Begin PBXBuildFile section */
		049232612994D23300185205 /* AppDelegate.swift in Sources */ = {isa = PBXBuildFile; fileRef = 049232602994D23300185205 /* AppDelegate.swift */; };
		049232632994D23300185205 /* SceneDelegate.swift in Sources */ = {isa = PBXBuildFile; fileRef = 049232622994D23300185205 /* SceneDelegate.swift */; };
		049232652994D23300185205 /* ViewController.swift in Sources */ = {isa = PBXBuildFile; fileRef = 049232642994D23300185205 /* ViewController.swift */; };
		049232682994D23300185205 /* Main.storyboard in Resources */ = {isa = PBXBuildFile; fileRef = 049232662994D23300185205 /* Main.storyboard */; };
		0492326A2994D23400185205 /* Assets.xcassets in Resources */ = {isa = PBXBuildFile; fileRef = 049232692994D23400185205 /* Assets.xcassets */; };
		0492326D2994D23400185205 /* LaunchScreen.storyboard in Resources */ = {isa = PBXBuildFile; fileRef = 0492326B2994D23400185205 /* LaunchScreen.storyboard */; };
		049232782994D23400185205 /* SignUpFormModelValidatorTest.swift in Sources */ = {isa = PBXBuildFile; fileRef = 049232772994D23400185205 /* SignUpFormModelValidatorTest.swift */; };
		049232822994D23400185205 /* photoAppUITests.swift in Sources */ = {isa = PBXBuildFile; fileRef = 049232812994D23400185205 /* photoAppUITests.swift */; };
		049232842994D23400185205 /* photoAppUITestsLaunchTests.swift in Sources */ = {isa = PBXBuildFile; fileRef = 049232832994D23400185205 /* photoAppUITestsLaunchTests.swift */; };
		049232912994D48900185205 /* SignUpFormModelValidator.swift in Sources */ = {isa = PBXBuildFile; fileRef = 049232902994D48900185205 /* SignUpFormModelValidator.swift */; };
/* End PBXBuildFile section */

/* Begin PBXContainerItemProxy section */
		049232742994D23400185205 /* PBXContainerItemProxy */ = {
			isa = PBXContainerItemProxy;
			containerPortal = 049232552994D23200185205 /* Project object */;
			proxyType = 1;
			remoteGlobalIDString = 0492325C2994D23200185205;
			remoteInfo = photoApp;
		};
		0492327E2994D23400185205 /* PBXContainerItemProxy */ = {
			isa = PBXContainerItemProxy;
			containerPortal = 049232552994D23200185205 /* Project object */;
			proxyType = 1;
			remoteGlobalIDString = 0492325C2994D23200185205;
			remoteInfo = photoApp;
		};
/* End PBXContainerItemProxy section */

/* Begin PBXFileReference section */
		0492325D2994D23300185205 /* photoApp.app */ = {isa = PBXFileReference; explicitFileType = wrapper.application; includeInIndex = 0; path = photoApp.app; sourceTree = BUILT_PRODUCTS_DIR; };
		049232602994D23300185205 /* AppDelegate.swift */ = {isa = PBXFileReference; lastKnownFileType = sourcecode.swift; path = AppDelegate.swift; sourceTree = "<group>"; };
		049232622994D23300185205 /* SceneDelegate.swift */ = {isa = PBXFileReference; lastKnownFileType = sourcecode.swift; path = SceneDelegate.swift; sourceTree = "<group>"; };
		049232642994D23300185205 /* ViewController.swift */ = {isa = PBXFileReference; lastKnownFileType = sourcecode.swift; path = ViewController.swift; sourceTree = "<group>"; };
		049232672994D23300185205 /* Base */ = {isa = PBXFileReference; lastKnownFileType = file.storyboard; name = Base; path = Base.lproj/Main.storyboard; sourceTree = "<group>"; };
		049232692994D23400185205 /* Assets.xcassets */ = {isa = PBXFileReference; lastKnownFileType = folder.assetcatalog; path = Assets.xcassets; sourceTree = "<group>"; };
		0492326C2994D23400185205 /* Base */ = {isa = PBXFileReference; lastKnownFileType = file.storyboard; name = Base; path = Base.lproj/LaunchScreen.storyboard; sourceTree = "<group>"; };
		0492326E2994D23400185205 /* Info.plist */ = {isa = PBXFileReference; lastKnownFileType = text.plist.xml; path = Info.plist; sourceTree = "<group>"; };
		049232732994D23400185205 /* photoAppTests.xctest */ = {isa = PBXFileReference; explicitFileType = wrapper.cfbundle; includeInIndex = 0; path = photoAppTests.xctest; sourceTree = BUILT_PRODUCTS_DIR; };
		049232772994D23400185205 /* SignUpFormModelValidatorTest.swift */ = {isa = PBXFileReference; lastKnownFileType = sourcecode.swift; path = SignUpFormModelValidatorTest.swift; sourceTree = "<group>"; };
		0492327D2994D23400185205 /* photoAppUITests.xctest */ = {isa = PBXFileReference; explicitFileType = wrapper.cfbundle; includeInIndex = 0; path = photoAppUITests.xctest; sourceTree = BUILT_PRODUCTS_DIR; };
		049232812994D23400185205 /* photoAppUITests.swift */ = {isa = PBXFileReference; lastKnownFileType = sourcecode.swift; path = photoAppUITests.swift; sourceTree = "<group>"; };
		049232832994D23400185205 /* photoAppUITestsLaunchTests.swift */ = {isa = PBXFileReference; lastKnownFileType = sourcecode.swift; path = photoAppUITestsLaunchTests.swift; sourceTree = "<group>"; };
		049232902994D48900185205 /* SignUpFormModelValidator.swift */ = {isa = PBXFileReference; lastKnownFileType = sourcecode.swift; path = SignUpFormModelValidator.swift; sourceTree = "<group>"; };
/* End PBXFileReference section */

/* Begin PBXFrameworksBuildPhase section */
		0492325A2994D23200185205 /* Frameworks */ = {
			isa = PBXFrameworksBuildPhase;
			buildActionMask = 2147483647;
			files = (
			);
			runOnlyForDeploymentPostprocessing = 0;
		};
		049232702994D23400185205 /* Frameworks */ = {
			isa = PBXFrameworksBuildPhase;
			buildActionMask = 2147483647;
			files = (
			);
			runOnlyForDeploymentPostprocessing = 0;
		};
		0492327A2994D23400185205 /* Frameworks */ = {
			isa = PBXFrameworksBuildPhase;
			buildActionMask = 2147483647;
			files = (
			);
			runOnlyForDeploymentPostprocessing = 0;
		};
/* End PBXFrameworksBuildPhase section */

/* Begin PBXGroup section */
		049232542994D23200185205 = {
			isa = PBXGroup;
			children = (
				0492325F2994D23300185205 /* photoApp */,
				049232762994D23400185205 /* photoAppTests */,
				049232802994D23400185205 /* photoAppUITests */,
				0492325E2994D23300185205 /* Products */,
			);
			sourceTree = "<group>";
		};
		0492325E2994D23300185205 /* Products */ = {
			isa = PBXGroup;
			children = (
				0492325D2994D23300185205 /* photoApp.app */,
				049232732994D23400185205 /* photoAppTests.xctest */,
				0492327D2994D23400185205 /* photoAppUITests.xctest */,
			);
			name = Products;
			sourceTree = "<group>";
		};
		0492325F2994D23300185205 /* photoApp */ = {
			isa = PBXGroup;
			children = (
				049232602994D23300185205 /* AppDelegate.swift */,
				049232622994D23300185205 /* SceneDelegate.swift */,
				049232642994D23300185205 /* ViewController.swift */,
				049232662994D23300185205 /* Main.storyboard */,
				049232692994D23400185205 /* Assets.xcassets */,
				0492326B2994D23400185205 /* LaunchScreen.storyboard */,
				0492326E2994D23400185205 /* Info.plist */,
				049232902994D48900185205 /* SignUpFormModelValidator.swift */,
			);
			path = photoApp;
			sourceTree = "<group>";
		};
		049232762994D23400185205 /* photoAppTests */ = {
			isa = PBXGroup;
			children = (
				049232772994D23400185205 /* SignUpFormModelValidatorTest.swift */,
			);
			path = photoAppTests;
			sourceTree = "<group>";
		};
		049232802994D23400185205 /* photoAppUITests */ = {
			isa = PBXGroup;
			children = (
				049232812994D23400185205 /* photoAppUITests.swift */,
				049232832994D23400185205 /* photoAppUITestsLaunchTests.swift */,
			);
			path = photoAppUITests;
			sourceTree = "<group>";
		};
/* End PBXGroup section */

/* Begin PBXNativeTarget section */
		0492325C2994D23200185205 /* photoApp */ = {
			isa = PBXNativeTarget;
			buildConfigurationList = 049232872994D23400185205 /* Build configuration list for PBXNativeTarget "photoApp" */;
			buildPhases = (
				049232592994D23200185205 /* Sources */,
				0492325A2994D23200185205 /* Frameworks */,
				0492325B2994D23200185205 /* Resources */,
			);
			buildRules = (
			);
			dependencies = (
			);
			name = photoApp;
			productName = photoApp;
			productReference = 0492325D2994D23300185205 /* photoApp.app */;
			productType = "com.apple.product-type.application";
		};
		049232722994D23400185205 /* photoAppTests */ = {
			isa = PBXNativeTarget;
			buildConfigurationList = 0492328A2994D23400185205 /* Build configuration list for PBXNativeTarget "photoAppTests" */;
			buildPhases = (
				0492326F2994D23400185205 /* Sources */,
				049232702994D23400185205 /* Frameworks */,
				049232712994D23400185205 /* Resources */,
			);
			buildRules = (
			);
			dependencies = (
				049232752994D23400185205 /* PBXTargetDependency */,
			);
			name = photoAppTests;
			productName = photoAppTests;
			productReference = 049232732994D23400185205 /* photoAppTests.xctest */;
			productType = "com.apple.product-type.bundle.unit-test";
		};
		0492327C2994D23400185205 /* photoAppUITests */ = {
			isa = PBXNativeTarget;
			buildConfigurationList = 0492328D2994D23400185205 /* Build configuration list for PBXNativeTarget "photoAppUITests" */;
			buildPhases = (
				049232792994D23400185205 /* Sources */,
				0492327A2994D23400185205 /* Frameworks */,
				0492327B2994D23400185205 /* Resources */,
			);
			buildRules = (
			);
			dependencies = (
				0492327F2994D23400185205 /* PBXTargetDependency */,
			);
			name = photoAppUITests;
			productName = photoAppUITests;
			productReference = 0492327D2994D23400185205 /* photoAppUITests.xctest */;
			productType = "com.apple.product-type.bundle.ui-testing";
		};
/* End PBXNativeTarget section */

/* Begin PBXProject section */
		049232552994D23200185205 /* Project object */ = {
			isa = PBXProject;
			attributes = {
				BuildIndependentTargetsInParallel = 1;
				LastSwiftUpdateCheck = 1420;
				LastUpgradeCheck = 1420;
				TargetAttributes = {
					0492325C2994D23200185205 = {
						CreatedOnToolsVersion = 14.2;
					};
					049232722994D23400185205 = {
						CreatedOnToolsVersion = 14.2;
						TestTargetID = 0492325C2994D23200185205;
					};
					0492327C2994D23400185205 = {
						CreatedOnToolsVersion = 14.2;
						TestTargetID = 0492325C2994D23200185205;
					};
				};
			};
			buildConfigurationList = 049232582994D23200185205 /* Build configuration list for PBXProject "photoApp" */;
			compatibilityVersion = "Xcode 14.0";
			developmentRegion = en;
			hasScannedForEncodings = 0;
			knownRegions = (
				en,
				Base,
			);
			mainGroup = 049232542994D23200185205;
			productRefGroup = 0492325E2994D23300185205 /* Products */;
			projectDirPath = "";
			projectRoot = "";
			targets = (
				0492325C2994D23200185205 /* photoApp */,
				049232722994D23400185205 /* photoAppTests */,
				0492327C2994D23400185205 /* photoAppUITests */,
			);
		};
/* End PBXProject section */

/* Begin PBXResourcesBuildPhase section */
		0492325B2994D23200185205 /* Resources */ = {
			isa = PBXResourcesBuildPhase;
			buildActionMask = 2147483647;
			files = (
				0492326D2994D23400185205 /* LaunchScreen.storyboard in Resources */,
				0492326A2994D23400185205 /* Assets.xcassets in Resources */,
				049232682994D23300185205 /* Main.storyboard in Resources */,
			);
			runOnlyForDeploymentPostprocessing = 0;
		};
		049232712994D23400185205 /* Resources */ = {
			isa = PBXResourcesBuildPhase;
			buildActionMask = 2147483647;
			files = (
			);
			runOnlyForDeploymentPostprocessing = 0;
		};
		0492327B2994D23400185205 /* Resources */ = {
			isa = PBXResourcesBuildPhase;
			buildActionMask = 2147483647;
			files = (
			);
			runOnlyForDeploymentPostprocessing = 0;
		};
/* End PBXResourcesBuildPhase section */

/* Begin PBXSourcesBuildPhase section */
		049232592994D23200185205 /* Sources */ = {
			isa = PBXSourcesBuildPhase;
			buildActionMask = 2147483647;
			files = (
				049232652994D23300185205 /* ViewController.swift in Sources */,
				049232612994D23300185205 /* AppDelegate.swift in Sources */,
				049232912994D48900185205 /* SignUpFormModelValidator.swift in Sources */,
				049232632994D23300185205 /* SceneDelegate.swift in Sources */,
			);
			runOnlyForDeploymentPostprocessing = 0;
		};
		0492326F2994D23400185205 /* Sources */ = {
			isa = PBXSourcesBuildPhase;
			buildActionMask = 2147483647;
			files = (
				049232782994D23400185205 /* SignUpFormModelValidatorTest.swift in Sources */,
			);
			runOnlyForDeploymentPostprocessing = 0;
		};
		049232792994D23400185205 /* Sources */ = {
			isa = PBXSourcesBuildPhase;
			buildActionMask = 2147483647;
			files = (
				049232842994D23400185205 /* photoAppUITestsLaunchTests.swift in Sources */,
				049232822994D23400185205 /* photoAppUITests.swift in Sources */,
			);
			runOnlyForDeploymentPostprocessing = 0;
		};
/* End PBXSourcesBuildPhase section */

/* Begin PBXTargetDependency section */
		049232752994D23400185205 /* PBXTargetDependency */ = {
			isa = PBXTargetDependency;
			target = 0492325C2994D23200185205 /* photoApp */;
			targetProxy = 049232742994D23400185205 /* PBXContainerItemProxy */;
		};
		0492327F2994D23400185205 /* PBXTargetDependency */ = {
			isa = PBXTargetDependency;
			target = 0492325C2994D23200185205 /* photoApp */;
			targetProxy = 0492327E2994D23400185205 /* PBXContainerItemProxy */;
		};
/* End PBXTargetDependency section */

/* Begin PBXVariantGroup section */
		049232662994D23300185205 /* Main.storyboard */ = {
			isa = PBXVariantGroup;
			children = (
				049232672994D23300185205 /* Base */,
			);
			name = Main.storyboard;
			sourceTree = "<group>";
		};
		0492326B2994D23400185205 /* LaunchScreen.storyboard */ = {
			isa = PBXVariantGroup;
			children = (
				0492326C2994D23400185205 /* Base */,
			);
			name = LaunchScreen.storyboard;
			sourceTree = "<group>";
		};
/* End PBXVariantGroup section */

/* Begin XCBuildConfiguration section */
		049232852994D23400185205 /* Debug */ = {
			isa = XCBuildConfiguration;
			buildSettings = {
				ALWAYS_SEARCH_USER_PATHS = NO;
				CLANG_ANALYZER_NONNULL = YES;
				CLANG_ANALYZER_NUMBER_OBJECT_CONVERSION = YES_AGGRESSIVE;
				CLANG_CXX_LANGUAGE_STANDARD = "gnu++20";
				CLANG_ENABLE_MODULES = YES;
				CLANG_ENABLE_OBJC_ARC = YES;
				CLANG_ENABLE_OBJC_WEAK = YES;
				CLANG_WARN_BLOCK_CAPTURE_AUTORELEASING = YES;
				CLANG_WARN_BOOL_CONVERSION = YES;
				CLANG_WARN_COMMA = YES;
				CLANG_WARN_CONSTANT_CONVERSION = YES;
				CLANG_WARN_DEPRECATED_OBJC_IMPLEMENTATIONS = YES;
				CLANG_WARN_DIRECT_OBJC_ISA_USAGE = YES_ERROR;
				CLANG_WARN_DOCUMENTATION_COMMENTS = YES;
				CLANG_WARN_EMPTY_BODY = YES;
				CLANG_WARN_ENUM_CONVERSION = YES;
				CLANG_WARN_INFINITE_RECURSION = YES;
				CLANG_WARN_INT_CONVERSION = YES;
				CLANG_WARN_NON_LITERAL_NULL_CONVERSION = YES;
				CLANG_WARN_OBJC_IMPLICIT_RETAIN_SELF = YES;
				CLANG_WARN_OBJC_LITERAL_CONVERSION = YES;
				CLANG_WARN_OBJC_ROOT_CLASS = YES_ERROR;
				CLANG_WARN_QUOTED_INCLUDE_IN_FRAMEWORK_HEADER = YES;
				CLANG_WARN_RANGE_LOOP_ANALYSIS = YES;
				CLANG_WARN_STRICT_PROTOTYPES = YES;
				CLANG_WARN_SUSPICIOUS_MOVE = YES;
				CLANG_WARN_UNGUARDED_AVAILABILITY = YES_AGGRESSIVE;
				CLANG_WARN_UNREACHABLE_CODE = YES;
				CLANG_WARN__DUPLICATE_METHOD_MATCH = YES;
				COPY_PHASE_STRIP = NO;
				DEBUG_INFORMATION_FORMAT = dwarf;
				ENABLE_STRICT_OBJC_MSGSEND = YES;
				ENABLE_TESTABILITY = YES;
				GCC_C_LANGUAGE_STANDARD = gnu11;
				GCC_DYNAMIC_NO_PIC = NO;
				GCC_NO_COMMON_BLOCKS = YES;
				GCC_OPTIMIZATION_LEVEL = 0;
				GCC_PREPROCESSOR_DEFINITIONS = (
					"DEBUG=1",
					"$(inherited)",
				);
				GCC_WARN_64_TO_32_BIT_CONVERSION = YES;
				GCC_WARN_ABOUT_RETURN_TYPE = YES_ERROR;
				GCC_WARN_UNDECLARED_SELECTOR = YES;
				GCC_WARN_UNINITIALIZED_AUTOS = YES_AGGRESSIVE;
				GCC_WARN_UNUSED_FUNCTION = YES;
				GCC_WARN_UNUSED_VARIABLE = YES;
				IPHONEOS_DEPLOYMENT_TARGET = 16.2;
				MTL_ENABLE_DEBUG_INFO = INCLUDE_SOURCE;
				MTL_FAST_MATH = YES;
				ONLY_ACTIVE_ARCH = YES;
				SDKROOT = iphoneos;
				SWIFT_ACTIVE_COMPILATION_CONDITIONS = DEBUG;
				SWIFT_OPTIMIZATION_LEVEL = "-Onone";
			};
			name = Debug;
		};
		049232862994D23400185205 /* Release */ = {
			isa = XCBuildConfiguration;
			buildSettings = {
				ALWAYS_SEARCH_USER_PATHS = NO;
				CLANG_ANALYZER_NONNULL = YES;
				CLANG_ANALYZER_NUMBER_OBJECT_CONVERSION = YES_AGGRESSIVE;
				CLANG_CXX_LANGUAGE_STANDARD = "gnu++20";
				CLANG_ENABLE_MODULES = YES;
				CLANG_ENABLE_OBJC_ARC = YES;
				CLANG_ENABLE_OBJC_WEAK = YES;
				CLANG_WARN_BLOCK_CAPTURE_AUTORELEASING = YES;
				CLANG_WARN_BOOL_CONVERSION = YES;
				CLANG_WARN_COMMA = YES;
				CLANG_WARN_CONSTANT_CONVERSION = YES;
				CLANG_WARN_DEPRECATED_OBJC_IMPLEMENTATIONS = YES;
				CLANG_WARN_DIRECT_OBJC_ISA_USAGE = YES_ERROR;
				CLANG_WARN_DOCUMENTATION_COMMENTS = YES;
				CLANG_WARN_EMPTY_BODY = YES;
				CLANG_WARN_ENUM_CONVERSION = YES;
				CLANG_WARN_INFINITE_RECURSION = YES;
				CLANG_WARN_INT_CONVERSION = YES;
				CLANG_WARN_NON_LITERAL_NULL_CONVERSION = YES;
				CLANG_WARN_OBJC_IMPLICIT_RETAIN_SELF = YES;
				CLANG_WARN_OBJC_LITERAL_CONVERSION = YES;
				CLANG_WARN_OBJC_ROOT_CLASS = YES_ERROR;
				CLANG_WARN_QUOTED_INCLUDE_IN_FRAMEWORK_HEADER = YES;
				CLANG_WARN_RANGE_LOOP_ANALYSIS = YES;
				CLANG_WARN_STRICT_PROTOTYPES = YES;
				CLANG_WARN_SUSPICIOUS_MOVE = YES;
				CLANG_WARN_UNGUARDED_AVAILABILITY = YES_AGGRESSIVE;
				CLANG_WARN_UNREACHABLE_CODE = YES;
				CLANG_WARN__DUPLICATE_METHOD_MATCH = YES;
				COPY_PHASE_STRIP = NO;
				DEBUG_INFORMATION_FORMAT = "dwarf-with-dsym";
				ENABLE_NS_ASSERTIONS = NO;
				ENABLE_STRICT_OBJC_MSGSEND = YES;
				GCC_C_LANGUAGE_STANDARD = gnu11;
				GCC_NO_COMMON_BLOCKS = YES;
				GCC_WARN_64_TO_32_BIT_CONVERSION = YES;
				GCC_WARN_ABOUT_RETURN_TYPE = YES_ERROR;
				GCC_WARN_UNDECLARED_SELECTOR = YES;
				GCC_WARN_UNINITIALIZED_AUTOS = YES_AGGRESSIVE;
				GCC_WARN_UNUSED_FUNCTION = YES;
				GCC_WARN_UNUSED_VARIABLE = YES;
				IPHONEOS_DEPLOYMENT_TARGET = 16.2;
				MTL_ENABLE_DEBUG_INFO = NO;
				MTL_FAST_MATH = YES;
				SDKROOT = iphoneos;
				SWIFT_COMPILATION_MODE = wholemodule;
				SWIFT_OPTIMIZATION_LEVEL = "-O";
				VALIDATE_PRODUCT = YES;
			};
			name = Release;
		};
		049232882994D23400185205 /* Debug */ = {
			isa = XCBuildConfiguration;
			buildSettings = {
				ASSETCATALOG_COMPILER_APPICON_NAME = AppIcon;
				ASSETCATALOG_COMPILER_GLOBAL_ACCENT_COLOR_NAME = AccentColor;
				CODE_SIGN_STYLE = Automatic;
				CURRENT_PROJECT_VERSION = 1;
				GENERATE_INFOPLIST_FILE = YES;
				INFOPLIST_FILE = photoApp/Info.plist;
				INFOPLIST_KEY_UIApplicationSupportsIndirectInputEvents = YES;
				INFOPLIST_KEY_UILaunchStoryboardName = LaunchScreen;
				INFOPLIST_KEY_UIMainStoryboardFile = Main;
				INFOPLIST_KEY_UISupportedInterfaceOrientations_iPad = "UIInterfaceOrientationPortrait UIInterfaceOrientationPortraitUpsideDown UIInterfaceOrientationLandscapeLeft UIInterfaceOrientationLandscapeRight";
				INFOPLIST_KEY_UISupportedInterfaceOrientations_iPhone = "UIInterfaceOrientationPortrait UIInterfaceOrientationLandscapeLeft UIInterfaceOrientationLandscapeRight";
				LD_RUNPATH_SEARCH_PATHS = (
					"$(inherited)",
					"@executable_path/Frameworks",
				);
				MARKETING_VERSION = 1.0;
				PRODUCT_BUNDLE_IDENTIFIER = kuppylee.photoApp;
				PRODUCT_NAME = "$(TARGET_NAME)";
				SWIFT_EMIT_LOC_STRINGS = YES;
				SWIFT_VERSION = 5.0;
				TARGETED_DEVICE_FAMILY = "1,2";
			};
			name = Debug;
		};
		049232892994D23400185205 /* Release */ = {
			isa = XCBuildConfiguration;
			buildSettings = {
				ASSETCATALOG_COMPILER_APPICON_NAME = AppIcon;
				ASSETCATALOG_COMPILER_GLOBAL_ACCENT_COLOR_NAME = AccentColor;
				CODE_SIGN_STYLE = Automatic;
				CURRENT_PROJECT_VERSION = 1;
				GENERATE_INFOPLIST_FILE = YES;
				INFOPLIST_FILE = photoApp/Info.plist;
				INFOPLIST_KEY_UIApplicationSupportsIndirectInputEvents = YES;
				INFOPLIST_KEY_UILaunchStoryboardName = LaunchScreen;
				INFOPLIST_KEY_UIMainStoryboardFile = Main;
				INFOPLIST_KEY_UISupportedInterfaceOrientations_iPad = "UIInterfaceOrientationPortrait UIInterfaceOrientationPortraitUpsideDown UIInterfaceOrientationLandscapeLeft UIInterfaceOrientationLandscapeRight";
				INFOPLIST_KEY_UISupportedInterfaceOrientations_iPhone = "UIInterfaceOrientationPortrait UIInterfaceOrientationLandscapeLeft UIInterfaceOrientationLandscapeRight";
				LD_RUNPATH_SEARCH_PATHS = (
					"$(inherited)",
					"@executable_path/Frameworks",
				);
				MARKETING_VERSION = 1.0;
				PRODUCT_BUNDLE_IDENTIFIER = kuppylee.photoApp;
				PRODUCT_NAME = "$(TARGET_NAME)";
				SWIFT_EMIT_LOC_STRINGS = YES;
				SWIFT_VERSION = 5.0;
				TARGETED_DEVICE_FAMILY = "1,2";
			};
			name = Release;
		};
		0492328B2994D23400185205 /* Debug */ = {
			isa = XCBuildConfiguration;
			buildSettings = {
				ALWAYS_EMBED_SWIFT_STANDARD_LIBRARIES = YES;
				BUNDLE_LOADER = "$(TEST_HOST)";
				CODE_SIGN_STYLE = Automatic;
				CURRENT_PROJECT_VERSION = 1;
				GENERATE_INFOPLIST_FILE = YES;
				IPHONEOS_DEPLOYMENT_TARGET = 16.2;
				MARKETING_VERSION = 1.0;
				PRODUCT_BUNDLE_IDENTIFIER = kuppylee.photoAppTests;
				PRODUCT_NAME = "$(TARGET_NAME)";
				SWIFT_EMIT_LOC_STRINGS = NO;
				SWIFT_VERSION = 5.0;
				TARGETED_DEVICE_FAMILY = "1,2";
				TEST_HOST = "$(BUILT_PRODUCTS_DIR)/photoApp.app/$(BUNDLE_EXECUTABLE_FOLDER_PATH)/photoApp";
			};
			name = Debug;
		};
		0492328C2994D23400185205 /* Release */ = {
			isa = XCBuildConfiguration;
			buildSettings = {
				ALWAYS_EMBED_SWIFT_STANDARD_LIBRARIES = YES;
				BUNDLE_LOADER = "$(TEST_HOST)";
				CODE_SIGN_STYLE = Automatic;
				CURRENT_PROJECT_VERSION = 1;
				GENERATE_INFOPLIST_FILE = YES;
				IPHONEOS_DEPLOYMENT_TARGET = 16.2;
				MARKETING_VERSION = 1.0;
				PRODUCT_BUNDLE_IDENTIFIER = kuppylee.photoAppTests;
				PRODUCT_NAME = "$(TARGET_NAME)";
				SWIFT_EMIT_LOC_STRINGS = NO;
				SWIFT_VERSION = 5.0;
				TARGETED_DEVICE_FAMILY = "1,2";
				TEST_HOST = "$(BUILT_PRODUCTS_DIR)/photoApp.app/$(BUNDLE_EXECUTABLE_FOLDER_PATH)/photoApp";
			};
			name = Release;
		};
		0492328E2994D23400185205 /* Debug */ = {
			isa = XCBuildConfiguration;
			buildSettings = {
				ALWAYS_EMBED_SWIFT_STANDARD_LIBRARIES = YES;
				CODE_SIGN_STYLE = Automatic;
				CURRENT_PROJECT_VERSION = 1;
				GENERATE_INFOPLIST_FILE = YES;
				MARKETING_VERSION = 1.0;
				PRODUCT_BUNDLE_IDENTIFIER = kuppylee.photoAppUITests;
				PRODUCT_NAME = "$(TARGET_NAME)";
				SWIFT_EMIT_LOC_STRINGS = NO;
				SWIFT_VERSION = 5.0;
				TARGETED_DEVICE_FAMILY = "1,2";
				TEST_TARGET_NAME = photoApp;
			};
			name = Debug;
		};
		0492328F2994D23400185205 /* Release */ = {
			isa = XCBuildConfiguration;
			buildSettings = {
				ALWAYS_EMBED_SWIFT_STANDARD_LIBRARIES = YES;
				CODE_SIGN_STYLE = Automatic;
				CURRENT_PROJECT_VERSION = 1;
				GENERATE_INFOPLIST_FILE = YES;
				MARKETING_VERSION = 1.0;
				PRODUCT_BUNDLE_IDENTIFIER = kuppylee.photoAppUITests;
				PRODUCT_NAME = "$(TARGET_NAME)";
				SWIFT_EMIT_LOC_STRINGS = NO;
				SWIFT_VERSION = 5.0;
				TARGETED_DEVICE_FAMILY = "1,2";
				TEST_TARGET_NAME = photoApp;
			};
			name = Release;
		};
/* End XCBuildConfiguration section */

/* Begin XCConfigurationList section */
		049232582994D23200185205 /* Build configuration list for PBXProject "photoApp" */ = {
			isa = XCConfigurationList;
			buildConfigurations = (
				049232852994D23400185205 /* Debug */,
				049232862994D23400185205 /* Release */,
			);
			defaultConfigurationIsVisible = 0;
			defaultConfigurationName = Release;
		};
		049232872994D23400185205 /* Build configuration list for PBXNativeTarget "photoApp" */ = {
			isa = XCConfigurationList;
			buildConfigurations = (
				049232882994D23400185205 /* Debug */,
				049232892994D23400185205 /* Release */,
			);
			defaultConfigurationIsVisible = 0;
			defaultConfigurationName = Release;
		};
		0492328A2994D23400185205 /* Build configuration list for PBXNativeTarget "photoAppTests" */ = {
			isa = XCConfigurationList;
			buildConfigurations = (
				0492328B2994D23400185205 /* Debug */,
				0492328C2994D23400185205 /* Release */,
			);
			defaultConfigurationIsVisible = 0;
			defaultConfigurationName = Release;
		};
		0492328D2994D23400185205 /* Build configuration list for PBXNativeTarget "photoAppUITests" */ = {
			isa = XCConfigurationList;
			buildConfigurations = (
				0492328E2994D23400185205 /* Debug */,
				0492328F2994D23400185205 /* Release */,
			);
			defaultConfigurationIsVisible = 0;
			defaultConfigurationName = Release;
		};
/* End XCConfigurationList section */
	};
	rootObject = 049232552994D23200185205 /* Project object */;
}
